// !$*UTF8*$!
{
	archiveVersion = 1;
	classes = {
	};
	objectVersion = 77;
	objects = {

/* Begin PBXBuildFile section */
		4A3576DC2DEFDA2D00E9D364 /* readme.md in Resources */ = {isa = PBXBuildFile; fileRef = 4A3576DB2DEFDA2500E9D364 /* readme.md */; };
		4AF834672DD2C76E00881904 /* FirebaseAnalytics in Frameworks */ = {isa = PBXBuildFile; productRef = 4AF834662DD2C76E00881904 /* FirebaseAnalytics */; };
		4AF834692DD2C76E00881904 /* FirebaseAuth in Frameworks */ = {isa = PBXBuildFile; productRef = 4AF834682DD2C76E00881904 /* FirebaseAuth */; };
		4AF8346B2DD2C76E00881904 /* FirebaseCore in Frameworks */ = {isa = PBXBuildFile; productRef = 4AF8346A2DD2C76E00881904 /* FirebaseCore */; };
		4AF8346D2DD2C76E00881904 /* FirebaseFirestore in Frameworks */ = {isa = PBXBuildFile; productRef = 4AF8346C2DD2C76E00881904 /* FirebaseFirestore */; };
		4AF8346F2DD2C76E00881904 /* FirebaseMessaging in Frameworks */ = {isa = PBXBuildFile; productRef = 4AF8346E2DD2C76E00881904 /* FirebaseMessaging */; };
/* End PBXBuildFile section */

/* Begin PBXContainerItemProxy section */
		4AF834472DD2C5F100881904 /* PBXContainerItemProxy */ = {
			isa = PBXContainerItemProxy;
			containerPortal = 4AF834312DD2C5F000881904 /* Project object */;
			proxyType = 1;
			remoteGlobalIDString = 4AF834382DD2C5F000881904;
			remoteInfo = Final;
		};
		4AF834512DD2C5F100881904 /* PBXContainerItemProxy */ = {
			isa = PBXContainerItemProxy;
			containerPortal = 4AF834312DD2C5F000881904 /* Project object */;
			proxyType = 1;
			remoteGlobalIDString = 4AF834382DD2C5F000881904;
			remoteInfo = Final;
		};
/* End PBXContainerItemProxy section */

/* Begin PBXFileReference section */
		4A3576DB2DEFDA2500E9D364 /* readme.md */ = {isa = PBXFileReference; lastKnownFileType = net.daringfireball.markdown; path = readme.md; sourceTree = "<group>"; };
		4AF834392DD2C5F000881904 /* Final.app */ = {isa = PBXFileReference; explicitFileType = wrapper.application; includeInIndex = 0; path = Final.app; sourceTree = BUILT_PRODUCTS_DIR; };
		4AF834462DD2C5F100881904 /* FinalTests.xctest */ = {isa = PBXFileReference; explicitFileType = wrapper.cfbundle; includeInIndex = 0; path = FinalTests.xctest; sourceTree = BUILT_PRODUCTS_DIR; };
		4AF834502DD2C5F100881904 /* FinalUITests.xctest */ = {isa = PBXFileReference; explicitFileType = wrapper.cfbundle; includeInIndex = 0; path = FinalUITests.xctest; sourceTree = BUILT_PRODUCTS_DIR; };
/* End PBXFileReference section */

/* Begin PBXFileSystemSynchronizedRootGroup section */
		4AF8343B2DD2C5F000881904 /* Final */ = {
			isa = PBXFileSystemSynchronizedRootGroup;
			path = Final;
			sourceTree = "<group>";
		};
		4AF834492DD2C5F100881904 /* FinalTests */ = {
			isa = PBXFileSystemSynchronizedRootGroup;
			path = FinalTests;
			sourceTree = "<group>";
		};
		4AF834532DD2C5F100881904 /* FinalUITests */ = {
			isa = PBXFileSystemSynchronizedRootGroup;
			path = FinalUITests;
			sourceTree = "<group>";
		};
/* End PBXFileSystemSynchronizedRootGroup section */

/* Begin PBXFrameworksBuildPhase section */
		4AF834362DD2C5F000881904 /* Frameworks */ = {
			isa = PBXFrameworksBuildPhase;
			buildActionMask = 2147483647;
			files = (
				4AF834672DD2C76E00881904 /* FirebaseAnalytics in Frameworks */,
				4AF8346D2DD2C76E00881904 /* FirebaseFirestore in Frameworks */,
				4AF8346F2DD2C76E00881904 /* FirebaseMessaging in Frameworks */,
				4AF8346B2DD2C76E00881904 /* FirebaseCore in Frameworks */,
				4AF834692DD2C76E00881904 /* FirebaseAuth in Frameworks */,
			);
			runOnlyForDeploymentPostprocessing = 0;
		};
		4AF834432DD2C5F100881904 /* Frameworks */ = {
			isa = PBXFrameworksBuildPhase;
			buildActionMask = 2147483647;
			files = (
			);
			runOnlyForDeploymentPostprocessing = 0;
		};
		4AF8344D2DD2C5F100881904 /* Frameworks */ = {
			isa = PBXFrameworksBuildPhase;
			buildActionMask = 2147483647;
			files = (
			);
			runOnlyForDeploymentPostprocessing = 0;
		};
/* End PBXFrameworksBuildPhase section */

/* Begin PBXGroup section */
		4AF834302DD2C5F000881904 = {
			isa = PBXGroup;
			children = (
				4A3576DB2DEFDA2500E9D364 /* readme.md */,
				4AF8343B2DD2C5F000881904 /* Final */,
				4AF834492DD2C5F100881904 /* FinalTests */,
				4AF834532DD2C5F100881904 /* FinalUITests */,
				4AF8343A2DD2C5F000881904 /* Products */,
			);
			sourceTree = "<group>";
		};
		4AF8343A2DD2C5F000881904 /* Products */ = {
			isa = PBXGroup;
			children = (
				4AF834392DD2C5F000881904 /* Final.app */,
				4AF834462DD2C5F100881904 /* FinalTests.xctest */,
				4AF834502DD2C5F100881904 /* FinalUITests.xctest */,
			);
			name = Products;
			sourceTree = "<group>";
		};
/* End PBXGroup section */

/* Begin PBXNativeTarget section */
		4AF834382DD2C5F000881904 /* Final */ = {
			isa = PBXNativeTarget;
			buildConfigurationList = 4AF8345A2DD2C5F100881904 /* Build configuration list for PBXNativeTarget "Final" */;
			buildPhases = (
				4AF834352DD2C5F000881904 /* Sources */,
				4AF834362DD2C5F000881904 /* Frameworks */,
				4AF834372DD2C5F000881904 /* Resources */,
			);
			buildRules = (
			);
			dependencies = (
			);
			fileSystemSynchronizedGroups = (
				4AF8343B2DD2C5F000881904 /* Final */,
			);
			name = Final;
			packageProductDependencies = (
				4AF834662DD2C76E00881904 /* FirebaseAnalytics */,
				4AF834682DD2C76E00881904 /* FirebaseAuth */,
				4AF8346A2DD2C76E00881904 /* FirebaseCore */,
				4AF8346C2DD2C76E00881904 /* FirebaseFirestore */,
				4AF8346E2DD2C76E00881904 /* FirebaseMessaging */,
			);
			productName = Final;
			productReference = 4AF834392DD2C5F000881904 /* Final.app */;
			productType = "com.apple.product-type.application";
		};
		4AF834452DD2C5F100881904 /* FinalTests */ = {
			isa = PBXNativeTarget;
			buildConfigurationList = 4AF8345D2DD2C5F100881904 /* Build configuration list for PBXNativeTarget "FinalTests" */;
			buildPhases = (
				4AF834422DD2C5F100881904 /* Sources */,
				4AF834432DD2C5F100881904 /* Frameworks */,
				4AF834442DD2C5F100881904 /* Resources */,
			);
			buildRules = (
			);
			dependencies = (
				4AF834482DD2C5F100881904 /* PBXTargetDependency */,
			);
			fileSystemSynchronizedGroups = (
				4AF834492DD2C5F100881904 /* FinalTests */,
			);
			name = FinalTests;
			packageProductDependencies = (
			);
			productName = FinalTests;
			productReference = 4AF834462DD2C5F100881904 /* FinalTests.xctest */;
			productType = "com.apple.product-type.bundle.unit-test";
		};
		4AF8344F2DD2C5F100881904 /* FinalUITests */ = {
			isa = PBXNativeTarget;
			buildConfigurationList = 4AF834602DD2C5F100881904 /* Build configuration list for PBXNativeTarget "FinalUITests" */;
			buildPhases = (
				4AF8344C2DD2C5F100881904 /* Sources */,
				4AF8344D2DD2C5F100881904 /* Frameworks */,
				4AF8344E2DD2C5F100881904 /* Resources */,
			);
			buildRules = (
			);
			dependencies = (
				4AF834522DD2C5F100881904 /* PBXTargetDependency */,
			);
			fileSystemSynchronizedGroups = (
				4AF834532DD2C5F100881904 /* FinalUITests */,
			);
			name = FinalUITests;
			packageProductDependencies = (
			);
			productName = FinalUITests;
			productReference = 4AF834502DD2C5F100881904 /* FinalUITests.xctest */;
			productType = "com.apple.product-type.bundle.ui-testing";
		};
/* End PBXNativeTarget section */

/* Begin PBXProject section */
		4AF834312DD2C5F000881904 /* Project object */ = {
			isa = PBXProject;
			attributes = {
				BuildIndependentTargetsInParallel = 1;
				LastSwiftUpdateCheck = 1630;
				LastUpgradeCheck = 1630;
				TargetAttributes = {
					4AF834382DD2C5F000881904 = {
						CreatedOnToolsVersion = 16.3;
					};
					4AF834452DD2C5F100881904 = {
						CreatedOnToolsVersion = 16.3;
						TestTargetID = 4AF834382DD2C5F000881904;
					};
					4AF8344F2DD2C5F100881904 = {
						CreatedOnToolsVersion = 16.3;
						TestTargetID = 4AF834382DD2C5F000881904;
					};
				};
			};
			buildConfigurationList = 4AF834342DD2C5F000881904 /* Build configuration list for PBXProject "Final" */;
			developmentRegion = en;
			hasScannedForEncodings = 0;
			knownRegions = (
				en,
				Base,
			);
			mainGroup = 4AF834302DD2C5F000881904;
			minimizedProjectReferenceProxies = 1;
			packageReferences = (
				4AF834652DD2C76E00881904 /* XCRemoteSwiftPackageReference "firebase-ios-sdk" */,
			);
			preferredProjectObjectVersion = 77;
			productRefGroup = 4AF8343A2DD2C5F000881904 /* Products */;
			projectDirPath = "";
			projectRoot = "";
			targets = (
				4AF834382DD2C5F000881904 /* Final */,
				4AF834452DD2C5F100881904 /* FinalTests */,
				4AF8344F2DD2C5F100881904 /* FinalUITests */,
			);
		};
/* End PBXProject section */

/* Begin PBXResourcesBuildPhase section */
		4AF834372DD2C5F000881904 /* Resources */ = {
			isa = PBXResourcesBuildPhase;
			buildActionMask = 2147483647;
			files = (
				4A3576DC2DEFDA2D00E9D364 /* readme.md in Resources */,
			);
			runOnlyForDeploymentPostprocessing = 0;
		};
		4AF834442DD2C5F100881904 /* Resources */ = {
			isa = PBXResourcesBuildPhase;
			buildActionMask = 2147483647;
			files = (
			);
			runOnlyForDeploymentPostprocessing = 0;
		};
		4AF8344E2DD2C5F100881904 /* Resources */ = {
			isa = PBXResourcesBuildPhase;
			buildActionMask = 2147483647;
			files = (
			);
			runOnlyForDeploymentPostprocessing = 0;
		};
/* End PBXResourcesBuildPhase section */

/* Begin PBXSourcesBuildPhase section */
		4AF834352DD2C5F000881904 /* Sources */ = {
			isa = PBXSourcesBuildPhase;
			buildActionMask = 2147483647;
			files = (
			);
			runOnlyForDeploymentPostprocessing = 0;
		};
		4AF834422DD2C5F100881904 /* Sources */ = {
			isa = PBXSourcesBuildPhase;
			buildActionMask = 2147483647;
			files = (
			);
			runOnlyForDeploymentPostprocessing = 0;
		};
		4AF8344C2DD2C5F100881904 /* Sources */ = {
			isa = PBXSourcesBuildPhase;
			buildActionMask = 2147483647;
			files = (
			);
			runOnlyForDeploymentPostprocessing = 0;
		};
/* End PBXSourcesBuildPhase section */

/* Begin PBXTargetDependency section */
		4AF834482DD2C5F100881904 /* PBXTargetDependency */ = {
			isa = PBXTargetDependency;
			target = 4AF834382DD2C5F000881904 /* Final */;
			targetProxy = 4AF834472DD2C5F100881904 /* PBXContainerItemProxy */;
		};
		4AF834522DD2C5F100881904 /* PBXTargetDependency */ = {
			isa = PBXTargetDependency;
			target = 4AF834382DD2C5F000881904 /* Final */;
			targetProxy = 4AF834512DD2C5F100881904 /* PBXContainerItemProxy */;
		};
/* End PBXTargetDependency section */

/* Begin XCBuildConfiguration section */
		4AF834582DD2C5F100881904 /* Debug */ = {
			isa = XCBuildConfiguration;
			buildSettings = {
				ALWAYS_SEARCH_USER_PATHS = NO;
				ASSETCATALOG_COMPILER_GENERATE_SWIFT_ASSET_SYMBOL_EXTENSIONS = YES;
				CLANG_ANALYZER_NONNULL = YES;
				CLANG_ANALYZER_NUMBER_OBJECT_CONVERSION = YES_AGGRESSIVE;
				CLANG_CXX_LANGUAGE_STANDARD = "gnu++20";
				CLANG_ENABLE_MODULES = YES;
				CLANG_ENABLE_OBJC_ARC = YES;
				CLANG_ENABLE_OBJC_WEAK = YES;
				CLANG_WARN_BLOCK_CAPTURE_AUTORELEASING = YES;
				CLANG_WARN_BOOL_CONVERSION = YES;
				CLANG_WARN_COMMA = YES;
				CLANG_WARN_CONSTANT_CONVERSION = YES;
				CLANG_WARN_DEPRECATED_OBJC_IMPLEMENTATIONS = YES;
				CLANG_WARN_DIRECT_OBJC_ISA_USAGE = YES_ERROR;
				CLANG_WARN_DOCUMENTATION_COMMENTS = YES;
				CLANG_WARN_EMPTY_BODY = YES;
				CLANG_WARN_ENUM_CONVERSION = YES;
				CLANG_WARN_INFINITE_RECURSION = YES;
				CLANG_WARN_INT_CONVERSION = YES;
				CLANG_WARN_NON_LITERAL_NULL_CONVERSION = YES;
				CLANG_WARN_OBJC_IMPLICIT_RETAIN_SELF = YES;
				CLANG_WARN_OBJC_LITERAL_CONVERSION = YES;
				CLANG_WARN_OBJC_ROOT_CLASS = YES_ERROR;
				CLANG_WARN_QUOTED_INCLUDE_IN_FRAMEWORK_HEADER = YES;
				CLANG_WARN_RANGE_LOOP_ANALYSIS = YES;
				CLANG_WARN_STRICT_PROTOTYPES = YES;
				CLANG_WARN_SUSPICIOUS_MOVE = YES;
				CLANG_WARN_UNGUARDED_AVAILABILITY = YES_AGGRESSIVE;
				CLANG_WARN_UNREACHABLE_CODE = YES;
				CLANG_WARN__DUPLICATE_METHOD_MATCH = YES;
				COPY_PHASE_STRIP = NO;
				DEBUG_INFORMATION_FORMAT = dwarf;
				DEVELOPMENT_TEAM = 68Y4M3UKAP;
				ENABLE_STRICT_OBJC_MSGSEND = YES;
				ENABLE_TESTABILITY = YES;
				ENABLE_USER_SCRIPT_SANDBOXING = YES;
				GCC_C_LANGUAGE_STANDARD = gnu17;
				GCC_DYNAMIC_NO_PIC = NO;
				GCC_NO_COMMON_BLOCKS = YES;
				GCC_OPTIMIZATION_LEVEL = 0;
				GCC_PREPROCESSOR_DEFINITIONS = (
					"DEBUG=1",
					"$(inherited)",
				);
				GCC_WARN_64_TO_32_BIT_CONVERSION = YES;
				GCC_WARN_ABOUT_RETURN_TYPE = YES_ERROR;
				GCC_WARN_UNDECLARED_SELECTOR = YES;
				GCC_WARN_UNINITIALIZED_AUTOS = YES_AGGRESSIVE;
				GCC_WARN_UNUSED_FUNCTION = YES;
				GCC_WARN_UNUSED_VARIABLE = YES;
				IPHONEOS_DEPLOYMENT_TARGET = 18.4;
				LOCALIZATION_PREFERS_STRING_CATALOGS = YES;
				MTL_ENABLE_DEBUG_INFO = INCLUDE_SOURCE;
				MTL_FAST_MATH = YES;
				ONLY_ACTIVE_ARCH = YES;
				SDKROOT = iphoneos;
				SWIFT_ACTIVE_COMPILATION_CONDITIONS = "DEBUG $(inherited)";
				SWIFT_OPTIMIZATION_LEVEL = "-Onone";
			};
			name = Debug;
		};
		4AF834592DD2C5F100881904 /* Release */ = {
			isa = XCBuildConfiguration;
			buildSettings = {
				ALWAYS_SEARCH_USER_PATHS = NO;
				ASSETCATALOG_COMPILER_GENERATE_SWIFT_ASSET_SYMBOL_EXTENSIONS = YES;
				CLANG_ANALYZER_NONNULL = YES;
				CLANG_ANALYZER_NUMBER_OBJECT_CONVERSION = YES_AGGRESSIVE;
				CLANG_CXX_LANGUAGE_STANDARD = "gnu++20";
				CLANG_ENABLE_MODULES = YES;
				CLANG_ENABLE_OBJC_ARC = YES;
				CLANG_ENABLE_OBJC_WEAK = YES;
				CLANG_WARN_BLOCK_CAPTURE_AUTORELEASING = YES;
				CLANG_WARN_BOOL_CONVERSION = YES;
				CLANG_WARN_COMMA = YES;
				CLANG_WARN_CONSTANT_CONVERSION = YES;
				CLANG_WARN_DEPRECATED_OBJC_IMPLEMENTATIONS = YES;
				CLANG_WARN_DIRECT_OBJC_ISA_USAGE = YES_ERROR;
				CLANG_WARN_DOCUMENTATION_COMMENTS = YES;
				CLANG_WARN_EMPTY_BODY = YES;
				CLANG_WARN_ENUM_CONVERSION = YES;
				CLANG_WARN_INFINITE_RECURSION = YES;
				CLANG_WARN_INT_CONVERSION = YES;
				CLANG_WARN_NON_LITERAL_NULL_CONVERSION = YES;
				CLANG_WARN_OBJC_IMPLICIT_RETAIN_SELF = YES;
				CLANG_WARN_OBJC_LITERAL_CONVERSION = YES;
				CLANG_WARN_OBJC_ROOT_CLASS = YES_ERROR;
				CLANG_WARN_QUOTED_INCLUDE_IN_FRAMEWORK_HEADER = YES;
				CLANG_WARN_RANGE_LOOP_ANALYSIS = YES;
				CLANG_WARN_STRICT_PROTOTYPES = YES;
				CLANG_WARN_SUSPICIOUS_MOVE = YES;
				CLANG_WARN_UNGUARDED_AVAILABILITY = YES_AGGRESSIVE;
				CLANG_WARN_UNREACHABLE_CODE = YES;
				CLANG_WARN__DUPLICATE_METHOD_MATCH = YES;
				COPY_PHASE_STRIP = NO;
				DEBUG_INFORMATION_FORMAT = "dwarf-with-dsym";
				DEVELOPMENT_TEAM = 68Y4M3UKAP;
				ENABLE_NS_ASSERTIONS = NO;
				ENABLE_STRICT_OBJC_MSGSEND = YES;
				ENABLE_USER_SCRIPT_SANDBOXING = YES;
				GCC_C_LANGUAGE_STANDARD = gnu17;
				GCC_NO_COMMON_BLOCKS = YES;
				GCC_WARN_64_TO_32_BIT_CONVERSION = YES;
				GCC_WARN_ABOUT_RETURN_TYPE = YES_ERROR;
				GCC_WARN_UNDECLARED_SELECTOR = YES;
				GCC_WARN_UNINITIALIZED_AUTOS = YES_AGGRESSIVE;
				GCC_WARN_UNUSED_FUNCTION = YES;
				GCC_WARN_UNUSED_VARIABLE = YES;
				IPHONEOS_DEPLOYMENT_TARGET = 18.4;
				LOCALIZATION_PREFERS_STRING_CATALOGS = YES;
				MTL_ENABLE_DEBUG_INFO = NO;
				MTL_FAST_MATH = YES;
				SDKROOT = iphoneos;
				SWIFT_COMPILATION_MODE = wholemodule;
				VALIDATE_PRODUCT = YES;
			};
			name = Release;
		};
		4AF8345B2DD2C5F100881904 /* Debug */ = {
			isa = XCBuildConfiguration;
			buildSettings = {
				ASSETCATALOG_COMPILER_APPICON_NAME = AppIcon;
				ASSETCATALOG_COMPILER_GLOBAL_ACCENT_COLOR_NAME = AccentColor;
				CODE_SIGN_STYLE = Automatic;
				CURRENT_PROJECT_VERSION = 1;
				DEVELOPMENT_TEAM = 68Y4M3UKAP;
				ENABLE_PREVIEWS = YES;
				GENERATE_INFOPLIST_FILE = YES;
				INFOPLIST_KEY_UIApplicationSceneManifest_Generation = YES;
				INFOPLIST_KEY_UIApplicationSupportsIndirectInputEvents = YES;
				INFOPLIST_KEY_UILaunchScreen_Generation = YES;
				INFOPLIST_KEY_UISupportedInterfaceOrientations_iPad = "UIInterfaceOrientationPortrait UIInterfaceOrientationPortraitUpsideDown UIInterfaceOrientationLandscapeLeft UIInterfaceOrientationLandscapeRight";
				INFOPLIST_KEY_UISupportedInterfaceOrientations_iPhone = "UIInterfaceOrientationPortrait UIInterfaceOrientationLandscapeLeft UIInterfaceOrientationLandscapeRight";
				LD_RUNPATH_SEARCH_PATHS = (
					"$(inherited)",
					"@executable_path/Frameworks",
				);
				MARKETING_VERSION = 1.0;
				PRODUCT_BUNDLE_IDENTIFIER = SMohankumar.Final;
				PRODUCT_NAME = "$(TARGET_NAME)";
				SWIFT_EMIT_LOC_STRINGS = YES;
				SWIFT_VERSION = 5.0;
				TARGETED_DEVICE_FAMILY = "1,2";
			};
			name = Debug;
		};
		4AF8345C2DD2C5F100881904 /* Release */ = {
			isa = XCBuildConfiguration;
			buildSettings = {
				ASSETCATALOG_COMPILER_APPICON_NAME = AppIcon;
				ASSETCATALOG_COMPILER_GLOBAL_ACCENT_COLOR_NAME = AccentColor;
				CODE_SIGN_STYLE = Automatic;
				CURRENT_PROJECT_VERSION = 1;
				DEVELOPMENT_TEAM = 68Y4M3UKAP;
				ENABLE_PREVIEWS = YES;
				GENERATE_INFOPLIST_FILE = YES;
				INFOPLIST_KEY_UIApplicationSceneManifest_Generation = YES;
				INFOPLIST_KEY_UIApplicationSupportsIndirectInputEvents = YES;
				INFOPLIST_KEY_UILaunchScreen_Generation = YES;
				INFOPLIST_KEY_UISupportedInterfaceOrientations_iPad = "UIInterfaceOrientationPortrait UIInterfaceOrientationPortraitUpsideDown UIInterfaceOrientationLandscapeLeft UIInterfaceOrientationLandscapeRight";
				INFOPLIST_KEY_UISupportedInterfaceOrientations_iPhone = "UIInterfaceOrientationPortrait UIInterfaceOrientationLandscapeLeft UIInterfaceOrientationLandscapeRight";
				LD_RUNPATH_SEARCH_PATHS = (
					"$(inherited)",
					"@executable_path/Frameworks",
				);
				MARKETING_VERSION = 1.0;
				PRODUCT_BUNDLE_IDENTIFIER = SMohankumar.Final;
				PRODUCT_NAME = "$(TARGET_NAME)";
				SWIFT_EMIT_LOC_STRINGS = YES;
				SWIFT_VERSION = 5.0;
				TARGETED_DEVICE_FAMILY = "1,2";
			};
			name = Release;
		};
		4AF8345E2DD2C5F100881904 /* Debug */ = {
			isa = XCBuildConfiguration;
			buildSettings = {
				BUNDLE_LOADER = "$(TEST_HOST)";
				CODE_SIGN_STYLE = Automatic;
				CURRENT_PROJECT_VERSION = 1;
				DEVELOPMENT_TEAM = 68Y4M3UKAP;
				GENERATE_INFOPLIST_FILE = YES;
				IPHONEOS_DEPLOYMENT_TARGET = 18.4;
				MARKETING_VERSION = 1.0;
				PRODUCT_BUNDLE_IDENTIFIER = SMohankumar.FinalTests;
				PRODUCT_NAME = "$(TARGET_NAME)";
				SWIFT_EMIT_LOC_STRINGS = NO;
				SWIFT_VERSION = 5.0;
				TARGETED_DEVICE_FAMILY = "1,2";
				TEST_HOST = "$(BUILT_PRODUCTS_DIR)/Final.app/$(BUNDLE_EXECUTABLE_FOLDER_PATH)/Final";
			};
			name = Debug;
		};
		4AF8345F2DD2C5F100881904 /* Release */ = {
			isa = XCBuildConfiguration;
			buildSettings = {
				BUNDLE_LOADER = "$(TEST_HOST)";
				CODE_SIGN_STYLE = Automatic;
				CURRENT_PROJECT_VERSION = 1;
				DEVELOPMENT_TEAM = 68Y4M3UKAP;
				GENERATE_INFOPLIST_FILE = YES;
				IPHONEOS_DEPLOYMENT_TARGET = 18.4;
				MARKETING_VERSION = 1.0;
				PRODUCT_BUNDLE_IDENTIFIER = SMohankumar.FinalTests;
				PRODUCT_NAME = "$(TARGET_NAME)";
				SWIFT_EMIT_LOC_STRINGS = NO;
				SWIFT_VERSION = 5.0;
				TARGETED_DEVICE_FAMILY = "1,2";
				TEST_HOST = "$(BUILT_PRODUCTS_DIR)/Final.app/$(BUNDLE_EXECUTABLE_FOLDER_PATH)/Final";
			};
			name = Release;
		};
		4AF834612DD2C5F100881904 /* Debug */ = {
			isa = XCBuildConfiguration;
			buildSettings = {
				CODE_SIGN_STYLE = Automatic;
				CURRENT_PROJECT_VERSION = 1;
				DEVELOPMENT_TEAM = 68Y4M3UKAP;
				GENERATE_INFOPLIST_FILE = YES;
				MARKETING_VERSION = 1.0;
				PRODUCT_BUNDLE_IDENTIFIER = SMohankumar.FinalUITests;
				PRODUCT_NAME = "$(TARGET_NAME)";
				SWIFT_EMIT_LOC_STRINGS = NO;
				SWIFT_VERSION = 5.0;
				TARGETED_DEVICE_FAMILY = "1,2";
				TEST_TARGET_NAME = Final;
			};
			name = Debug;
		};
		4AF834622DD2C5F100881904 /* Release */ = {
			isa = XCBuildConfiguration;
			buildSettings = {
				CODE_SIGN_STYLE = Automatic;
				CURRENT_PROJECT_VERSION = 1;
				DEVELOPMENT_TEAM = 68Y4M3UKAP;
				GENERATE_INFOPLIST_FILE = YES;
				MARKETING_VERSION = 1.0;
				PRODUCT_BUNDLE_IDENTIFIER = SMohankumar.FinalUITests;
				PRODUCT_NAME = "$(TARGET_NAME)";
				SWIFT_EMIT_LOC_STRINGS = NO;
				SWIFT_VERSION = 5.0;
				TARGETED_DEVICE_FAMILY = "1,2";
				TEST_TARGET_NAME = Final;
			};
			name = Release;
		};
/* End XCBuildConfiguration section */

/* Begin XCConfigurationList section */
		4AF834342DD2C5F000881904 /* Build configuration list for PBXProject "Final" */ = {
			isa = XCConfigurationList;
			buildConfigurations = (
				4AF834582DD2C5F100881904 /* Debug */,
				4AF834592DD2C5F100881904 /* Release */,
			);
			defaultConfigurationIsVisible = 0;
			defaultConfigurationName = Release;
		};
		4AF8345A2DD2C5F100881904 /* Build configuration list for PBXNativeTarget "Final" */ = {
			isa = XCConfigurationList;
			buildConfigurations = (
				4AF8345B2DD2C5F100881904 /* Debug */,
				4AF8345C2DD2C5F100881904 /* Release */,
			);
			defaultConfigurationIsVisible = 0;
			defaultConfigurationName = Release;
		};
		4AF8345D2DD2C5F100881904 /* Build configuration list for PBXNativeTarget "FinalTests" */ = {
			isa = XCConfigurationList;
			buildConfigurations = (
				4AF8345E2DD2C5F100881904 /* Debug */,
				4AF8345F2DD2C5F100881904 /* Release */,
			);
			defaultConfigurationIsVisible = 0;
			defaultConfigurationName = Release;
		};
		4AF834602DD2C5F100881904 /* Build configuration list for PBXNativeTarget "FinalUITests" */ = {
			isa = XCConfigurationList;
			buildConfigurations = (
				4AF834612DD2C5F100881904 /* Debug */,
				4AF834622DD2C5F100881904 /* Release */,
			);
			defaultConfigurationIsVisible = 0;
			defaultConfigurationName = Release;
		};
/* End XCConfigurationList section */

/* Begin XCRemoteSwiftPackageReference section */
		4AF834652DD2C76E00881904 /* XCRemoteSwiftPackageReference "firebase-ios-sdk" */ = {
			isa = XCRemoteSwiftPackageReference;
			repositoryURL = "https://github.com/firebase/firebase-ios-sdk";
			requirement = {
				kind = upToNextMajorVersion;
				minimumVersion = 11.12.0;
			};
		};
/* End XCRemoteSwiftPackageReference section */

/* Begin XCSwiftPackageProductDependency section */
		4AF834662DD2C76E00881904 /* FirebaseAnalytics */ = {
			isa = XCSwiftPackageProductDependency;
			package = 4AF834652DD2C76E00881904 /* XCRemoteSwiftPackageReference "firebase-ios-sdk" */;
			productName = FirebaseAnalytics;
		};
		4AF834682DD2C76E00881904 /* FirebaseAuth */ = {
			isa = XCSwiftPackageProductDependency;
			package = 4AF834652DD2C76E00881904 /* XCRemoteSwiftPackageReference "firebase-ios-sdk" */;
			productName = FirebaseAuth;
		};
		4AF8346A2DD2C76E00881904 /* FirebaseCore */ = {
			isa = XCSwiftPackageProductDependency;
			package = 4AF834652DD2C76E00881904 /* XCRemoteSwiftPackageReference "firebase-ios-sdk" */;
			productName = FirebaseCore;
		};
		4AF8346C2DD2C76E00881904 /* FirebaseFirestore */ = {
			isa = XCSwiftPackageProductDependency;
			package = 4AF834652DD2C76E00881904 /* XCRemoteSwiftPackageReference "firebase-ios-sdk" */;
			productName = FirebaseFirestore;
		};
		4AF8346E2DD2C76E00881904 /* FirebaseMessaging */ = {
			isa = XCSwiftPackageProductDependency;
			package = 4AF834652DD2C76E00881904 /* XCRemoteSwiftPackageReference "firebase-ios-sdk" */;
			productName = FirebaseMessaging;
		};
/* End XCSwiftPackageProductDependency section */
	};
	rootObject = 4AF834312DD2C5F000881904 /* Project object */;
}
